
Microsoft Visual Studio Solution File, Format Version 12.00
# Visual Studio 15
VisualStudioVersion = 15.0.27428.2037
MinimumVisualStudioVersion = 10.0.40219.1
Project("{FAE04EC0-301F-11D3-BF4B-00C04F79EFBC}") = "Newbe.Mahua.Receiver.Meow", "Newbe.Mahua.Receiver.Meow\Newbe.Mahua.Receiver.Meow.csproj", "{E03EE031-BDF5-41F8-A8C8-A90B707E8212}"
EndProject
Global
	GlobalSection(SolutionConfigurationPlatforms) = preSolution
		Debug|Any CPU = Debug|Any CPU
		Release|Any CPU = Release|Any CPU
	EndGlobalSection
	GlobalSection(ProjectConfigurationPlatforms) = postSolution
		{E03EE031-BDF5-41F8-A8C8-A90B707E8212}.Debug|Any CPU.ActiveCfg = Debug|Any CPU
		{E03EE031-BDF5-41F8-A8C8-A90B707E8212}.Debug|Any CPU.Build.0 = Debug|Any CPU
		{E03EE031-BDF5-41F8-A8C8-A90B707E8212}.Release|Any CPU.ActiveCfg = Release|Any CPU
		{E03EE031-BDF5-41F8-A8C8-A90B707E8212}.Release|Any CPU.Build.0 = Release|Any CPU
	EndGlobalSection
	GlobalSection(SolutionProperties) = preSolution
		HideSolutionNode = FALSE
	EndGlobalSection
	GlobalSection(ExtensibilityGlobals) = postSolution
		SolutionGuid = {47E79427-A6E0-4686-B7EF-711B83928333}
	EndGlobalSection
EndGlobal
