
Microsoft Visual Studio Solution File, Format Version 12.00
# Visual Studio Version 17
VisualStudioVersion = 17.9.34622.214
MinimumVisualStudioVersion = 10.0.40219.1
Project("{FAE04EC0-301F-11D3-BF4B-00C04F79EFBC}") = "Telegram2MQTT", "Telegram2MQTT\Telegram2MQTT.csproj", "{7C27904E-4313-49D5-8EE3-FDE62FD20529}"
EndProject
Global
	GlobalSection(SolutionConfigurationPlatforms) = preSolution
		Debug|Any CPU = Debug|Any CPU
		Release|Any CPU = Release|Any CPU
	EndGlobalSection
	GlobalSection(ProjectConfigurationPlatforms) = postSolution
		{7C27904E-4313-49D5-8EE3-FDE62FD20529}.Debug|Any CPU.ActiveCfg = Debug|Any CPU
		{7C27904E-4313-49D5-8EE3-FDE62FD20529}.Debug|Any CPU.Build.0 = Debug|Any CPU
		{7C27904E-4313-49D5-8EE3-FDE62FD20529}.Release|Any CPU.ActiveCfg = Release|Any CPU
		{7C27904E-4313-49D5-8EE3-FDE62FD20529}.Release|Any CPU.Build.0 = Release|Any CPU
	EndGlobalSection
	GlobalSection(SolutionProperties) = preSolution
		HideSolutionNode = FALSE
	EndGlobalSection
	GlobalSection(ExtensibilityGlobals) = postSolution
		SolutionGuid = {8FA1B115-4B38-41DC-A87E-53EB15A7B59F}
	EndGlobalSection
EndGlobal
